# This file was autogenerated by Stack.
# You should not edit this file by hand.
# For more information, please see the documentation at:
#   https://docs.haskellstack.org/en/stable/topics/lock_files

packages:
- completed:
    hackage: h-raylib-5.6.0.0@sha256:7b060989771f324defc700b9b16955c4d0a35b80ed508217afe23444b18565aa,9075
    pantry-tree:
      sha256: 6f11d264f9e8623531e7002ad32adf89928d6f3b6a671a9e1e5be5d86738545d
      size: 37046
  original:
    hackage: h-raylib-5.6.0.0
snapshots:
- completed:
    sha256: 514c8048a143da1e6f2c18484467d2136033a0b94b6617fe333089817edbbc27
    size: 729000
    url: https://raw.githubusercontent.com/commercialhaskell/stackage-snapshots/master/lts/24/40.yaml
  original:
    url: https://raw.githubusercontent.com/commercialhaskell/stackage-snapshots/master/lts/24/40.yaml
